
Microsoft Visual Studio Solution File, Format Version 12.00
# Visual Studio Version 17
VisualStudioVersion = 17.13.35818.85 d17.13
MinimumVisualStudioVersion = 10.0.40219.1
Project("{FAE04EC0-301F-11D3-BF4B-00C04F79EFBC}") = "Chapter39Notes", "Chapter39Notes\Chapter39Notes.csproj", "{FE08B6AF-1560-490C-AD97-6CF6E0D91AAE}"
EndProject
Global
	GlobalSection(SolutionConfigurationPlatforms) = preSolution
		Debug|Any CPU = Debug|Any CPU
		Release|Any CPU = Release|Any CPU
	EndGlobalSection
	GlobalSection(ProjectConfigurationPlatforms) = postSolution
		{FE08B6AF-1560-490C-AD97-6CF6E0D91AAE}.Debug|Any CPU.ActiveCfg = Debug|Any CPU
		{FE08B6AF-1560-490C-AD97-6CF6E0D91AAE}.Debug|Any CPU.Build.0 = Debug|Any CPU
		{FE08B6AF-1560-490C-AD97-6CF6E0D91AAE}.Release|Any CPU.ActiveCfg = Release|Any CPU
		{FE08B6AF-1560-490C-AD97-6CF6E0D91AAE}.Release|Any CPU.Build.0 = Release|Any CPU
	EndGlobalSection
	GlobalSection(SolutionProperties) = preSolution
		HideSolutionNode = FALSE
	EndGlobalSection
	GlobalSection(ExtensibilityGlobals) = postSolution
		SolutionGuid = {3355F801-E063-4BBD-B6CE-4619FEACBDBA}
	EndGlobalSection
EndGlobal
