
Microsoft Visual Studio Solution File, Format Version 12.00
# Visual Studio Version 17
VisualStudioVersion = 17.13.35825.156 d17.13
MinimumVisualStudioVersion = 10.0.40219.1
Project("{FAE04EC0-301F-11D3-BF4B-00C04F79EFBC}") = "Level16Enums-Challenge-SimulasTest", "Level16Enums-Challenge-SimulasTest\Level16Enums-Challenge-SimulasTest.csproj", "{26053F28-4454-4930-9E2C-C3041098D695}"
EndProject
Global
	GlobalSection(SolutionConfigurationPlatforms) = preSolution
		Debug|Any CPU = Debug|Any CPU
		Release|Any CPU = Release|Any CPU
	EndGlobalSection
	GlobalSection(ProjectConfigurationPlatforms) = postSolution
		{26053F28-4454-4930-9E2C-C3041098D695}.Debug|Any CPU.ActiveCfg = Debug|Any CPU
		{26053F28-4454-4930-9E2C-C3041098D695}.Debug|Any CPU.Build.0 = Debug|Any CPU
		{26053F28-4454-4930-9E2C-C3041098D695}.Release|Any CPU.ActiveCfg = Release|Any CPU
		{26053F28-4454-4930-9E2C-C3041098D695}.Release|Any CPU.Build.0 = Release|Any CPU
	EndGlobalSection
	GlobalSection(SolutionProperties) = preSolution
		HideSolutionNode = FALSE
	EndGlobalSection
	GlobalSection(ExtensibilityGlobals) = postSolution
		SolutionGuid = {D9FF6273-B99E-4B82-AF5F-72D92FEA5C92}
	EndGlobalSection
EndGlobal
